// !$*UTF8*$!
{
	archiveVersion = 1;
	classes = {
	};
	objectVersion = 55;
	objects = {

/* Begin PBXBuildFile section */
		545DF1202823FE2100AE4CEA /* AppDelegate.swift in Sources */ = {isa = PBXBuildFile; fileRef = 545DF11F2823FE2100AE4CEA /* AppDelegate.swift */; };
		545DF1222823FE2100AE4CEA /* SceneDelegate.swift in Sources */ = {isa = PBXBuildFile; fileRef = 545DF1212823FE2100AE4CEA /* SceneDelegate.swift */; };
		545DF1242823FE2100AE4CEA /* ViewController.swift in Sources */ = {isa = PBXBuildFile; fileRef = 545DF1232823FE2100AE4CEA /* ViewController.swift */; };
		545DF1272823FE2100AE4CEA /* Main.storyboard in Resources */ = {isa = PBXBuildFile; fileRef = 545DF1252823FE2100AE4CEA /* Main.storyboard */; };
		545DF1292823FE2300AE4CEA /* Assets.xcassets in Resources */ = {isa = PBXBuildFile; fileRef = 545DF1282823FE2300AE4CEA /* Assets.xcassets */; };
		545DF12C2823FE2300AE4CEA /* LaunchScreen.storyboard in Resources */ = {isa = PBXBuildFile; fileRef = 545DF12A2823FE2300AE4CEA /* LaunchScreen.storyboard */; };
		545DF13A2823FEC200AE4CEA /* 05.png in Resources */ = {isa = PBXBuildFile; fileRef = 545DF1342823FEC200AE4CEA /* 05.png */; };
		545DF13B2823FEC200AE4CEA /* 04.png in Resources */ = {isa = PBXBuildFile; fileRef = 545DF1352823FEC200AE4CEA /* 04.png */; };
		545DF13C2823FEC200AE4CEA /* 01.png in Resources */ = {isa = PBXBuildFile; fileRef = 545DF1362823FEC200AE4CEA /* 01.png */; };
		545DF13D2823FEC200AE4CEA /* 02.png in Resources */ = {isa = PBXBuildFile; fileRef = 545DF1372823FEC200AE4CEA /* 02.png */; };
		545DF13E2823FEC200AE4CEA /* 06.png in Resources */ = {isa = PBXBuildFile; fileRef = 545DF1382823FEC200AE4CEA /* 06.png */; };
		545DF13F2823FEC200AE4CEA /* 03.png in Resources */ = {isa = PBXBuildFile; fileRef = 545DF1392823FEC200AE4CEA /* 03.png */; };
/* End PBXBuildFile section */

/* Begin PBXFileReference section */
		545DF11C2823FE2100AE4CEA /* PageControlWithPinch.app */ = {isa = PBXFileReference; explicitFileType = wrapper.application; includeInIndex = 0; path = PageControlWithPinch.app; sourceTree = BUILT_PRODUCTS_DIR; };
		545DF11F2823FE2100AE4CEA /* AppDelegate.swift */ = {isa = PBXFileReference; lastKnownFileType = sourcecode.swift; path = AppDelegate.swift; sourceTree = "<group>"; };
		545DF1212823FE2100AE4CEA /* SceneDelegate.swift */ = {isa = PBXFileReference; lastKnownFileType = sourcecode.swift; path = SceneDelegate.swift; sourceTree = "<group>"; };
		545DF1232823FE2100AE4CEA /* ViewController.swift */ = {isa = PBXFileReference; lastKnownFileType = sourcecode.swift; path = ViewController.swift; sourceTree = "<group>"; };
		545DF1262823FE2100AE4CEA /* Base */ = {isa = PBXFileReference; lastKnownFileType = file.storyboard; name = Base; path = Base.lproj/Main.storyboard; sourceTree = "<group>"; };
		545DF1282823FE2300AE4CEA /* Assets.xcassets */ = {isa = PBXFileReference; lastKnownFileType = folder.assetcatalog; path = Assets.xcassets; sourceTree = "<group>"; };
		545DF12B2823FE2300AE4CEA /* Base */ = {isa = PBXFileReference; lastKnownFileType = file.storyboard; name = Base; path = Base.lproj/LaunchScreen.storyboard; sourceTree = "<group>"; };
		545DF12D2823FE2300AE4CEA /* Info.plist */ = {isa = PBXFileReference; lastKnownFileType = text.plist.xml; path = Info.plist; sourceTree = "<group>"; };
		545DF1342823FEC200AE4CEA /* 05.png */ = {isa = PBXFileReference; lastKnownFileType = image.png; path = 05.png; sourceTree = "<group>"; };
		545DF1352823FEC200AE4CEA /* 04.png */ = {isa = PBXFileReference; lastKnownFileType = image.png; path = 04.png; sourceTree = "<group>"; };
		545DF1362823FEC200AE4CEA /* 01.png */ = {isa = PBXFileReference; lastKnownFileType = image.png; path = 01.png; sourceTree = "<group>"; };
		545DF1372823FEC200AE4CEA /* 02.png */ = {isa = PBXFileReference; lastKnownFileType = image.png; path = 02.png; sourceTree = "<group>"; };
		545DF1382823FEC200AE4CEA /* 06.png */ = {isa = PBXFileReference; lastKnownFileType = image.png; path = 06.png; sourceTree = "<group>"; };
		545DF1392823FEC200AE4CEA /* 03.png */ = {isa = PBXFileReference; lastKnownFileType = image.png; path = 03.png; sourceTree = "<group>"; };
/* End PBXFileReference section */

/* Begin PBXFrameworksBuildPhase section */
		545DF1192823FE2100AE4CEA /* Frameworks */ = {
			isa = PBXFrameworksBuildPhase;
			buildActionMask = 2147483647;
			files = (
			);
			runOnlyForDeploymentPostprocessing = 0;
		};
/* End PBXFrameworksBuildPhase section */

/* Begin PBXGroup section */
		545DF1132823FE2100AE4CEA = {
			isa = PBXGroup;
			children = (
				545DF11E2823FE2100AE4CEA /* PageControlWithPinch */,
				545DF11D2823FE2100AE4CEA /* Products */,
			);
			sourceTree = "<group>";
		};
		545DF11D2823FE2100AE4CEA /* Products */ = {
			isa = PBXGroup;
			children = (
				545DF11C2823FE2100AE4CEA /* PageControlWithPinch.app */,
			);
			name = Products;
			sourceTree = "<group>";
		};
		545DF11E2823FE2100AE4CEA /* PageControlWithPinch */ = {
			isa = PBXGroup;
			children = (
				545DF1332823FEAF00AE4CEA /* images */,
				545DF11F2823FE2100AE4CEA /* AppDelegate.swift */,
				545DF1212823FE2100AE4CEA /* SceneDelegate.swift */,
				545DF1232823FE2100AE4CEA /* ViewController.swift */,
				545DF1252823FE2100AE4CEA /* Main.storyboard */,
				545DF1282823FE2300AE4CEA /* Assets.xcassets */,
				545DF12A2823FE2300AE4CEA /* LaunchScreen.storyboard */,
				545DF12D2823FE2300AE4CEA /* Info.plist */,
			);
			path = PageControlWithPinch;
			sourceTree = "<group>";
		};
		545DF1332823FEAF00AE4CEA /* images */ = {
			isa = PBXGroup;
			children = (
				545DF1362823FEC200AE4CEA /* 01.png */,
				545DF1372823FEC200AE4CEA /* 02.png */,
				545DF1392823FEC200AE4CEA /* 03.png */,
				545DF1352823FEC200AE4CEA /* 04.png */,
				545DF1342823FEC200AE4CEA /* 05.png */,
				545DF1382823FEC200AE4CEA /* 06.png */,
			);
			path = images;
			sourceTree = "<group>";
		};
/* End PBXGroup section */

/* Begin PBXNativeTarget section */
		545DF11B2823FE2100AE4CEA /* PageControlWithPinch */ = {
			isa = PBXNativeTarget;
			buildConfigurationList = 545DF1302823FE2300AE4CEA /* Build configuration list for PBXNativeTarget "PageControlWithPinch" */;
			buildPhases = (
				545DF1182823FE2100AE4CEA /* Sources */,
				545DF1192823FE2100AE4CEA /* Frameworks */,
				545DF11A2823FE2100AE4CEA /* Resources */,
			);
			buildRules = (
			);
			dependencies = (
			);
			name = PageControlWithPinch;
			productName = PageControl;
			productReference = 545DF11C2823FE2100AE4CEA /* PageControlWithPinch.app */;
			productType = "com.apple.product-type.application";
		};
/* End PBXNativeTarget section */

/* Begin PBXProject section */
		545DF1142823FE2100AE4CEA /* Project object */ = {
			isa = PBXProject;
			attributes = {
				BuildIndependentTargetsInParallel = 1;
				LastSwiftUpdateCheck = 1330;
				LastUpgradeCheck = 1330;
				TargetAttributes = {
					545DF11B2823FE2100AE4CEA = {
						CreatedOnToolsVersion = 13.3.1;
					};
				};
			};
			buildConfigurationList = 545DF1172823FE2100AE4CEA /* Build configuration list for PBXProject "PageControlWithPinch" */;
			compatibilityVersion = "Xcode 13.0";
			developmentRegion = en;
			hasScannedForEncodings = 0;
			knownRegions = (
				en,
				Base,
			);
			mainGroup = 545DF1132823FE2100AE4CEA;
			productRefGroup = 545DF11D2823FE2100AE4CEA /* Products */;
			projectDirPath = "";
			projectRoot = "";
			targets = (
				545DF11B2823FE2100AE4CEA /* PageControlWithPinch */,
			);
		};
/* End PBXProject section */

/* Begin PBXResourcesBuildPhase section */
		545DF11A2823FE2100AE4CEA /* Resources */ = {
			isa = PBXResourcesBuildPhase;
			buildActionMask = 2147483647;
			files = (
				545DF13C2823FEC200AE4CEA /* 01.png in Resources */,
				545DF13B2823FEC200AE4CEA /* 04.png in Resources */,
				545DF12C2823FE2300AE4CEA /* LaunchScreen.storyboard in Resources */,
				545DF13D2823FEC200AE4CEA /* 02.png in Resources */,
				545DF1292823FE2300AE4CEA /* Assets.xcassets in Resources */,
				545DF13A2823FEC200AE4CEA /* 05.png in Resources */,
				545DF1272823FE2100AE4CEA /* Main.storyboard in Resources */,
				545DF13F2823FEC200AE4CEA /* 03.png in Resources */,
				545DF13E2823FEC200AE4CEA /* 06.png in Resources */,
			);
			runOnlyForDeploymentPostprocessing = 0;
		};
/* End PBXResourcesBuildPhase section */

/* Begin PBXSourcesBuildPhase section */
		545DF1182823FE2100AE4CEA /* Sources */ = {
			isa = PBXSourcesBuildPhase;
			buildActionMask = 2147483647;
			files = (
				545DF1242823FE2100AE4CEA /* ViewController.swift in Sources */,
				545DF1202823FE2100AE4CEA /* AppDelegate.swift in Sources */,
				545DF1222823FE2100AE4CEA /* SceneDelegate.swift in Sources */,
			);
			runOnlyForDeploymentPostprocessing = 0;
		};
/* End PBXSourcesBuildPhase section */

/* Begin PBXVariantGroup section */
		545DF1252823FE2100AE4CEA /* Main.storyboard */ = {
			isa = PBXVariantGroup;
			children = (
				545DF1262823FE2100AE4CEA /* Base */,
			);
			name = Main.storyboard;
			sourceTree = "<group>";
		};
		545DF12A2823FE2300AE4CEA /* LaunchScreen.storyboard */ = {
			isa = PBXVariantGroup;
			children = (
				545DF12B2823FE2300AE4CEA /* Base */,
			);
			name = LaunchScreen.storyboard;
			sourceTree = "<group>";
		};
/* End PBXVariantGroup section */

/* Begin XCBuildConfiguration section */
		545DF12E2823FE2300AE4CEA /* Debug */ = {
			isa = XCBuildConfiguration;
			buildSettings = {
				ALWAYS_SEARCH_USER_PATHS = NO;
				CLANG_ANALYZER_NONNULL = YES;
				CLANG_ANALYZER_NUMBER_OBJECT_CONVERSION = YES_AGGRESSIVE;
				CLANG_CXX_LANGUAGE_STANDARD = "gnu++17";
				CLANG_ENABLE_MODULES = YES;
				CLANG_ENABLE_OBJC_ARC = YES;
				CLANG_ENABLE_OBJC_WEAK = YES;
				CLANG_WARN_BLOCK_CAPTURE_AUTORELEASING = YES;
				CLANG_WARN_BOOL_CONVERSION = YES;
				CLANG_WARN_COMMA = YES;
				CLANG_WARN_CONSTANT_CONVERSION = YES;
				CLANG_WARN_DEPRECATED_OBJC_IMPLEMENTATIONS = YES;
				CLANG_WARN_DIRECT_OBJC_ISA_USAGE = YES_ERROR;
				CLANG_WARN_DOCUMENTATION_COMMENTS = YES;
				CLANG_WARN_EMPTY_BODY = YES;
				CLANG_WARN_ENUM_CONVERSION = YES;
				CLANG_WARN_INFINITE_RECURSION = YES;
				CLANG_WARN_INT_CONVERSION = YES;
				CLANG_WARN_NON_LITERAL_NULL_CONVERSION = YES;
				CLANG_WARN_OBJC_IMPLICIT_RETAIN_SELF = YES;
				CLANG_WARN_OBJC_LITERAL_CONVERSION = YES;
				CLANG_WARN_OBJC_ROOT_CLASS = YES_ERROR;
				CLANG_WARN_QUOTED_INCLUDE_IN_FRAMEWORK_HEADER = YES;
				CLANG_WARN_RANGE_LOOP_ANALYSIS = YES;
				CLANG_WARN_STRICT_PROTOTYPES = YES;
				CLANG_WARN_SUSPICIOUS_MOVE = YES;
				CLANG_WARN_UNGUARDED_AVAILABILITY = YES_AGGRESSIVE;
				CLANG_WARN_UNREACHABLE_CODE = YES;
				CLANG_WARN__DUPLICATE_METHOD_MATCH = YES;
				COPY_PHASE_STRIP = NO;
				DEBUG_INFORMATION_FORMAT = dwarf;
				ENABLE_STRICT_OBJC_MSGSEND = YES;
				ENABLE_TESTABILITY = YES;
				GCC_C_LANGUAGE_STANDARD = gnu11;
				GCC_DYNAMIC_NO_PIC = NO;
				GCC_NO_COMMON_BLOCKS = YES;
				GCC_OPTIMIZATION_LEVEL = 0;
				GCC_PREPROCESSOR_DEFINITIONS = (
					"DEBUG=1",
					"$(inherited)",
				);
				GCC_WARN_64_TO_32_BIT_CONVERSION = YES;
				GCC_WARN_ABOUT_RETURN_TYPE = YES_ERROR;
				GCC_WARN_UNDECLARED_SELECTOR = YES;
				GCC_WARN_UNINITIALIZED_AUTOS = YES_AGGRESSIVE;
				GCC_WARN_UNUSED_FUNCTION = YES;
				GCC_WARN_UNUSED_VARIABLE = YES;
				IPHONEOS_DEPLOYMENT_TARGET = 15.4;
				MTL_ENABLE_DEBUG_INFO = INCLUDE_SOURCE;
				MTL_FAST_MATH = YES;
				ONLY_ACTIVE_ARCH = YES;
				SDKROOT = iphoneos;
				SWIFT_ACTIVE_COMPILATION_CONDITIONS = DEBUG;
				SWIFT_OPTIMIZATION_LEVEL = "-Onone";
			};
			name = Debug;
		};
		545DF12F2823FE2300AE4CEA /* Release */ = {
			isa = XCBuildConfiguration;
			buildSettings = {
				ALWAYS_SEARCH_USER_PATHS = NO;
				CLANG_ANALYZER_NONNULL = YES;
				CLANG_ANALYZER_NUMBER_OBJECT_CONVERSION = YES_AGGRESSIVE;
				CLANG_CXX_LANGUAGE_STANDARD = "gnu++17";
				CLANG_ENABLE_MODULES = YES;
				CLANG_ENABLE_OBJC_ARC = YES;
				CLANG_ENABLE_OBJC_WEAK = YES;
				CLANG_WARN_BLOCK_CAPTURE_AUTORELEASING = YES;
				CLANG_WARN_BOOL_CONVERSION = YES;
				CLANG_WARN_COMMA = YES;
				CLANG_WARN_CONSTANT_CONVERSION = YES;
				CLANG_WARN_DEPRECATED_OBJC_IMPLEMENTATIONS = YES;
				CLANG_WARN_DIRECT_OBJC_ISA_USAGE = YES_ERROR;
				CLANG_WARN_DOCUMENTATION_COMMENTS = YES;
				CLANG_WARN_EMPTY_BODY = YES;
				CLANG_WARN_ENUM_CONVERSION = YES;
				CLANG_WARN_INFINITE_RECURSION = YES;
				CLANG_WARN_INT_CONVERSION = YES;
				CLANG_WARN_NON_LITERAL_NULL_CONVERSION = YES;
				CLANG_WARN_OBJC_IMPLICIT_RETAIN_SELF = YES;
				CLANG_WARN_OBJC_LITERAL_CONVERSION = YES;
				CLANG_WARN_OBJC_ROOT_CLASS = YES_ERROR;
				CLANG_WARN_QUOTED_INCLUDE_IN_FRAMEWORK_HEADER = YES;
				CLANG_WARN_RANGE_LOOP_ANALYSIS = YES;
				CLANG_WARN_STRICT_PROTOTYPES = YES;
				CLANG_WARN_SUSPICIOUS_MOVE = YES;
				CLANG_WARN_UNGUARDED_AVAILABILITY = YES_AGGRESSIVE;
				CLANG_WARN_UNREACHABLE_CODE = YES;
				CLANG_WARN__DUPLICATE_METHOD_MATCH = YES;
				COPY_PHASE_STRIP = NO;
				DEBUG_INFORMATION_FORMAT = "dwarf-with-dsym";
				ENABLE_NS_ASSERTIONS = NO;
				ENABLE_STRICT_OBJC_MSGSEND = YES;
				GCC_C_LANGUAGE_STANDARD = gnu11;
				GCC_NO_COMMON_BLOCKS = YES;
				GCC_WARN_64_TO_32_BIT_CONVERSION = YES;
				GCC_WARN_ABOUT_RETURN_TYPE = YES_ERROR;
				GCC_WARN_UNDECLARED_SELECTOR = YES;
				GCC_WARN_UNINITIALIZED_AUTOS = YES_AGGRESSIVE;
				GCC_WARN_UNUSED_FUNCTION = YES;
				GCC_WARN_UNUSED_VARIABLE = YES;
				IPHONEOS_DEPLOYMENT_TARGET = 15.4;
				MTL_ENABLE_DEBUG_INFO = NO;
				MTL_FAST_MATH = YES;
				SDKROOT = iphoneos;
				SWIFT_COMPILATION_MODE = wholemodule;
				SWIFT_OPTIMIZATION_LEVEL = "-O";
				VALIDATE_PRODUCT = YES;
			};
			name = Release;
		};
		545DF1312823FE2300AE4CEA /* Debug */ = {
			isa = XCBuildConfiguration;
			buildSettings = {
				ASSETCATALOG_COMPILER_APPICON_NAME = AppIcon;
				ASSETCATALOG_COMPILER_GLOBAL_ACCENT_COLOR_NAME = AccentColor;
				CODE_SIGN_STYLE = Automatic;
				CURRENT_PROJECT_VERSION = 1;
				GENERATE_INFOPLIST_FILE = YES;
				INFOPLIST_FILE = PageControlWithPinch/Info.plist;
				INFOPLIST_KEY_UIApplicationSupportsIndirectInputEvents = YES;
				INFOPLIST_KEY_UILaunchStoryboardName = LaunchScreen;
				INFOPLIST_KEY_UIMainStoryboardFile = Main;
				INFOPLIST_KEY_UISupportedInterfaceOrientations_iPad = "UIInterfaceOrientationPortrait UIInterfaceOrientationPortraitUpsideDown UIInterfaceOrientationLandscapeLeft UIInterfaceOrientationLandscapeRight";
				INFOPLIST_KEY_UISupportedInterfaceOrientations_iPhone = "UIInterfaceOrientationPortrait UIInterfaceOrientationLandscapeLeft UIInterfaceOrientationLandscapeRight";
				LD_RUNPATH_SEARCH_PATHS = (
					"$(inherited)",
					"@executable_path/Frameworks",
				);
				MARKETING_VERSION = 1.0;
				PRODUCT_BUNDLE_IDENTIFIER = michelle.PageControlWithPinch;
				PRODUCT_NAME = "$(TARGET_NAME)";
				SWIFT_EMIT_LOC_STRINGS = YES;
				SWIFT_VERSION = 5.0;
				TARGETED_DEVICE_FAMILY = "1,2";
			};
			name = Debug;
		};
		545DF1322823FE2300AE4CEA /* Release */ = {
			isa = XCBuildConfiguration;
			buildSettings = {
				ASSETCATALOG_COMPILER_APPICON_NAME = AppIcon;
				ASSETCATALOG_COMPILER_GLOBAL_ACCENT_COLOR_NAME = AccentColor;
				CODE_SIGN_STYLE = Automatic;
				CURRENT_PROJECT_VERSION = 1;
				GENERATE_INFOPLIST_FILE = YES;
				INFOPLIST_FILE = PageControlWithPinch/Info.plist;
				INFOPLIST_KEY_UIApplicationSupportsIndirectInputEvents = YES;
				INFOPLIST_KEY_UILaunchStoryboardName = LaunchScreen;
				INFOPLIST_KEY_UIMainStoryboardFile = Main;
				INFOPLIST_KEY_UISupportedInterfaceOrientations_iPad = "UIInterfaceOrientationPortrait UIInterfaceOrientationPortraitUpsideDown UIInterfaceOrientationLandscapeLeft UIInterfaceOrientationLandscapeRight";
				INFOPLIST_KEY_UISupportedInterfaceOrientations_iPhone = "UIInterfaceOrientationPortrait UIInterfaceOrientationLandscapeLeft UIInterfaceOrientationLandscapeRight";
				LD_RUNPATH_SEARCH_PATHS = (
					"$(inherited)",
					"@executable_path/Frameworks",
				);
				MARKETING_VERSION = 1.0;
				PRODUCT_BUNDLE_IDENTIFIER = michelle.PageControlWithPinch;
				PRODUCT_NAME = "$(TARGET_NAME)";
				SWIFT_EMIT_LOC_STRINGS = YES;
				SWIFT_VERSION = 5.0;
				TARGETED_DEVICE_FAMILY = "1,2";
			};
			name = Release;
		};
/* End XCBuildConfiguration section */

/* Begin XCConfigurationList section */
		545DF1172823FE2100AE4CEA /* Build configuration list for PBXProject "PageControlWithPinch" */ = {
			isa = XCConfigurationList;
			buildConfigurations = (
				545DF12E2823FE2300AE4CEA /* Debug */,
				545DF12F2823FE2300AE4CEA /* Release */,
			);
			defaultConfigurationIsVisible = 0;
			defaultConfigurationName = Release;
		};
		545DF1302823FE2300AE4CEA /* Build configuration list for PBXNativeTarget "PageControlWithPinch" */ = {
			isa = XCConfigurationList;
			buildConfigurations = (
				545DF1312823FE2300AE4CEA /* Debug */,
				545DF1322823FE2300AE4CEA /* Release */,
			);
			defaultConfigurationIsVisible = 0;
			defaultConfigurationName = Release;
		};
/* End XCConfigurationList section */
	};
	rootObject = 545DF1142823FE2100AE4CEA /* Project object */;
}
