// !$*UTF8*$!
{
	archiveVersion = 1;
	classes = {
	};
	objectVersion = 55;
	objects = {

/* Begin PBXBuildFile section */
		541F374F282BF36A0007D9F5 /* AppDelegate.swift in Sources */ = {isa = PBXBuildFile; fileRef = 541F374E282BF36A0007D9F5 /* AppDelegate.swift */; };
		541F3751282BF36A0007D9F5 /* SceneDelegate.swift in Sources */ = {isa = PBXBuildFile; fileRef = 541F3750282BF36A0007D9F5 /* SceneDelegate.swift */; };
		541F3753282BF36A0007D9F5 /* ViewController.swift in Sources */ = {isa = PBXBuildFile; fileRef = 541F3752282BF36A0007D9F5 /* ViewController.swift */; };
		541F3756282BF36A0007D9F5 /* Main.storyboard in Resources */ = {isa = PBXBuildFile; fileRef = 541F3754282BF36A0007D9F5 /* Main.storyboard */; };
		541F3758282BF36D0007D9F5 /* Assets.xcassets in Resources */ = {isa = PBXBuildFile; fileRef = 541F3757282BF36D0007D9F5 /* Assets.xcassets */; };
		541F375B282BF36D0007D9F5 /* LaunchScreen.storyboard in Resources */ = {isa = PBXBuildFile; fileRef = 541F3759282BF36D0007D9F5 /* LaunchScreen.storyboard */; };
		541F376F282BF3F00007D9F5 /* arrow-up-red.png in Resources */ = {isa = PBXBuildFile; fileRef = 541F3763282BF3F00007D9F5 /* arrow-up-red.png */; };
		541F3770282BF3F00007D9F5 /* arrow-down-red.png in Resources */ = {isa = PBXBuildFile; fileRef = 541F3764282BF3F00007D9F5 /* arrow-down-red.png */; };
		541F3771282BF3F00007D9F5 /* arrow-left-green.png in Resources */ = {isa = PBXBuildFile; fileRef = 541F3765282BF3F00007D9F5 /* arrow-left-green.png */; };
		541F3772282BF3F00007D9F5 /* arrow-right-green.png in Resources */ = {isa = PBXBuildFile; fileRef = 541F3766282BF3F00007D9F5 /* arrow-right-green.png */; };
		541F3773282BF3F00007D9F5 /* arrow-right-red.png in Resources */ = {isa = PBXBuildFile; fileRef = 541F3767282BF3F00007D9F5 /* arrow-right-red.png */; };
		541F3774282BF3F00007D9F5 /* arrow-left-black.png in Resources */ = {isa = PBXBuildFile; fileRef = 541F3768282BF3F00007D9F5 /* arrow-left-black.png */; };
		541F3775282BF3F00007D9F5 /* arrow-down-green.png in Resources */ = {isa = PBXBuildFile; fileRef = 541F3769282BF3F00007D9F5 /* arrow-down-green.png */; };
		541F3776282BF3F00007D9F5 /* arrow-up-black.png in Resources */ = {isa = PBXBuildFile; fileRef = 541F376A282BF3F00007D9F5 /* arrow-up-black.png */; };
		541F3777282BF3F00007D9F5 /* arrow-up-green.png in Resources */ = {isa = PBXBuildFile; fileRef = 541F376B282BF3F00007D9F5 /* arrow-up-green.png */; };
		541F3778282BF3F00007D9F5 /* arrow-left-red.png in Resources */ = {isa = PBXBuildFile; fileRef = 541F376C282BF3F00007D9F5 /* arrow-left-red.png */; };
		541F3779282BF3F00007D9F5 /* arrow-down-black.png in Resources */ = {isa = PBXBuildFile; fileRef = 541F376D282BF3F00007D9F5 /* arrow-down-black.png */; };
		541F377A282BF3F00007D9F5 /* arrow-right-black.png in Resources */ = {isa = PBXBuildFile; fileRef = 541F376E282BF3F00007D9F5 /* arrow-right-black.png */; };
/* End PBXBuildFile section */

/* Begin PBXFileReference section */
		541F374B282BF36A0007D9F5 /* SwipeGesture.app */ = {isa = PBXFileReference; explicitFileType = wrapper.application; includeInIndex = 0; path = SwipeGesture.app; sourceTree = BUILT_PRODUCTS_DIR; };
		541F374E282BF36A0007D9F5 /* AppDelegate.swift */ = {isa = PBXFileReference; lastKnownFileType = sourcecode.swift; path = AppDelegate.swift; sourceTree = "<group>"; };
		541F3750282BF36A0007D9F5 /* SceneDelegate.swift */ = {isa = PBXFileReference; lastKnownFileType = sourcecode.swift; path = SceneDelegate.swift; sourceTree = "<group>"; };
		541F3752282BF36A0007D9F5 /* ViewController.swift */ = {isa = PBXFileReference; lastKnownFileType = sourcecode.swift; path = ViewController.swift; sourceTree = "<group>"; };
		541F3755282BF36A0007D9F5 /* Base */ = {isa = PBXFileReference; lastKnownFileType = file.storyboard; name = Base; path = Base.lproj/Main.storyboard; sourceTree = "<group>"; };
		541F3757282BF36D0007D9F5 /* Assets.xcassets */ = {isa = PBXFileReference; lastKnownFileType = folder.assetcatalog; path = Assets.xcassets; sourceTree = "<group>"; };
		541F375A282BF36D0007D9F5 /* Base */ = {isa = PBXFileReference; lastKnownFileType = file.storyboard; name = Base; path = Base.lproj/LaunchScreen.storyboard; sourceTree = "<group>"; };
		541F375C282BF36D0007D9F5 /* Info.plist */ = {isa = PBXFileReference; lastKnownFileType = text.plist.xml; path = Info.plist; sourceTree = "<group>"; };
		541F3763282BF3F00007D9F5 /* arrow-up-red.png */ = {isa = PBXFileReference; lastKnownFileType = image.png; path = "arrow-up-red.png"; sourceTree = "<group>"; };
		541F3764282BF3F00007D9F5 /* arrow-down-red.png */ = {isa = PBXFileReference; lastKnownFileType = image.png; path = "arrow-down-red.png"; sourceTree = "<group>"; };
		541F3765282BF3F00007D9F5 /* arrow-left-green.png */ = {isa = PBXFileReference; lastKnownFileType = image.png; path = "arrow-left-green.png"; sourceTree = "<group>"; };
		541F3766282BF3F00007D9F5 /* arrow-right-green.png */ = {isa = PBXFileReference; lastKnownFileType = image.png; path = "arrow-right-green.png"; sourceTree = "<group>"; };
		541F3767282BF3F00007D9F5 /* arrow-right-red.png */ = {isa = PBXFileReference; lastKnownFileType = image.png; path = "arrow-right-red.png"; sourceTree = "<group>"; };
		541F3768282BF3F00007D9F5 /* arrow-left-black.png */ = {isa = PBXFileReference; lastKnownFileType = image.png; path = "arrow-left-black.png"; sourceTree = "<group>"; };
		541F3769282BF3F00007D9F5 /* arrow-down-green.png */ = {isa = PBXFileReference; lastKnownFileType = image.png; path = "arrow-down-green.png"; sourceTree = "<group>"; };
		541F376A282BF3F00007D9F5 /* arrow-up-black.png */ = {isa = PBXFileReference; lastKnownFileType = image.png; path = "arrow-up-black.png"; sourceTree = "<group>"; };
		541F376B282BF3F00007D9F5 /* arrow-up-green.png */ = {isa = PBXFileReference; lastKnownFileType = image.png; path = "arrow-up-green.png"; sourceTree = "<group>"; };
		541F376C282BF3F00007D9F5 /* arrow-left-red.png */ = {isa = PBXFileReference; lastKnownFileType = image.png; path = "arrow-left-red.png"; sourceTree = "<group>"; };
		541F376D282BF3F00007D9F5 /* arrow-down-black.png */ = {isa = PBXFileReference; lastKnownFileType = image.png; path = "arrow-down-black.png"; sourceTree = "<group>"; };
		541F376E282BF3F00007D9F5 /* arrow-right-black.png */ = {isa = PBXFileReference; lastKnownFileType = image.png; path = "arrow-right-black.png"; sourceTree = "<group>"; };
/* End PBXFileReference section */

/* Begin PBXFrameworksBuildPhase section */
		541F3748282BF36A0007D9F5 /* Frameworks */ = {
			isa = PBXFrameworksBuildPhase;
			buildActionMask = 2147483647;
			files = (
			);
			runOnlyForDeploymentPostprocessing = 0;
		};
/* End PBXFrameworksBuildPhase section */

/* Begin PBXGroup section */
		541F3742282BF36A0007D9F5 = {
			isa = PBXGroup;
			children = (
				541F374D282BF36A0007D9F5 /* SwipeGesture */,
				541F374C282BF36A0007D9F5 /* Products */,
			);
			sourceTree = "<group>";
		};
		541F374C282BF36A0007D9F5 /* Products */ = {
			isa = PBXGroup;
			children = (
				541F374B282BF36A0007D9F5 /* SwipeGesture.app */,
			);
			name = Products;
			sourceTree = "<group>";
		};
		541F374D282BF36A0007D9F5 /* SwipeGesture */ = {
			isa = PBXGroup;
			children = (
				541F3762282BF3CE0007D9F5 /* images */,
				541F374E282BF36A0007D9F5 /* AppDelegate.swift */,
				541F3750282BF36A0007D9F5 /* SceneDelegate.swift */,
				541F3752282BF36A0007D9F5 /* ViewController.swift */,
				541F3754282BF36A0007D9F5 /* Main.storyboard */,
				541F3757282BF36D0007D9F5 /* Assets.xcassets */,
				541F3759282BF36D0007D9F5 /* LaunchScreen.storyboard */,
				541F375C282BF36D0007D9F5 /* Info.plist */,
			);
			path = SwipeGesture;
			sourceTree = "<group>";
		};
		541F3762282BF3CE0007D9F5 /* images */ = {
			isa = PBXGroup;
			children = (
				541F376D282BF3F00007D9F5 /* arrow-down-black.png */,
				541F3769282BF3F00007D9F5 /* arrow-down-green.png */,
				541F3764282BF3F00007D9F5 /* arrow-down-red.png */,
				541F3768282BF3F00007D9F5 /* arrow-left-black.png */,
				541F3765282BF3F00007D9F5 /* arrow-left-green.png */,
				541F376C282BF3F00007D9F5 /* arrow-left-red.png */,
				541F376E282BF3F00007D9F5 /* arrow-right-black.png */,
				541F3766282BF3F00007D9F5 /* arrow-right-green.png */,
				541F3767282BF3F00007D9F5 /* arrow-right-red.png */,
				541F376A282BF3F00007D9F5 /* arrow-up-black.png */,
				541F376B282BF3F00007D9F5 /* arrow-up-green.png */,
				541F3763282BF3F00007D9F5 /* arrow-up-red.png */,
			);
			path = images;
			sourceTree = "<group>";
		};
/* End PBXGroup section */

/* Begin PBXNativeTarget section */
		541F374A282BF36A0007D9F5 /* SwipeGesture */ = {
			isa = PBXNativeTarget;
			buildConfigurationList = 541F375F282BF36D0007D9F5 /* Build configuration list for PBXNativeTarget "SwipeGesture" */;
			buildPhases = (
				541F3747282BF36A0007D9F5 /* Sources */,
				541F3748282BF36A0007D9F5 /* Frameworks */,
				541F3749282BF36A0007D9F5 /* Resources */,
			);
			buildRules = (
			);
			dependencies = (
			);
			name = SwipeGesture;
			productName = SwipeGesture;
			productReference = 541F374B282BF36A0007D9F5 /* SwipeGesture.app */;
			productType = "com.apple.product-type.application";
		};
/* End PBXNativeTarget section */

/* Begin PBXProject section */
		541F3743282BF36A0007D9F5 /* Project object */ = {
			isa = PBXProject;
			attributes = {
				BuildIndependentTargetsInParallel = 1;
				LastSwiftUpdateCheck = 1330;
				LastUpgradeCheck = 1330;
				TargetAttributes = {
					541F374A282BF36A0007D9F5 = {
						CreatedOnToolsVersion = 13.3.1;
					};
				};
			};
			buildConfigurationList = 541F3746282BF36A0007D9F5 /* Build configuration list for PBXProject "SwipeGesture" */;
			compatibilityVersion = "Xcode 13.0";
			developmentRegion = en;
			hasScannedForEncodings = 0;
			knownRegions = (
				en,
				Base,
			);
			mainGroup = 541F3742282BF36A0007D9F5;
			productRefGroup = 541F374C282BF36A0007D9F5 /* Products */;
			projectDirPath = "";
			projectRoot = "";
			targets = (
				541F374A282BF36A0007D9F5 /* SwipeGesture */,
			);
		};
/* End PBXProject section */

/* Begin PBXResourcesBuildPhase section */
		541F3749282BF36A0007D9F5 /* Resources */ = {
			isa = PBXResourcesBuildPhase;
			buildActionMask = 2147483647;
			files = (
				541F3777282BF3F00007D9F5 /* arrow-up-green.png in Resources */,
				541F3770282BF3F00007D9F5 /* arrow-down-red.png in Resources */,
				541F376F282BF3F00007D9F5 /* arrow-up-red.png in Resources */,
				541F3778282BF3F00007D9F5 /* arrow-left-red.png in Resources */,
				541F3771282BF3F00007D9F5 /* arrow-left-green.png in Resources */,
				541F3774282BF3F00007D9F5 /* arrow-left-black.png in Resources */,
				541F375B282BF36D0007D9F5 /* LaunchScreen.storyboard in Resources */,
				541F3773282BF3F00007D9F5 /* arrow-right-red.png in Resources */,
				541F3772282BF3F00007D9F5 /* arrow-right-green.png in Resources */,
				541F3775282BF3F00007D9F5 /* arrow-down-green.png in Resources */,
				541F3758282BF36D0007D9F5 /* Assets.xcassets in Resources */,
				541F3779282BF3F00007D9F5 /* arrow-down-black.png in Resources */,
				541F3776282BF3F00007D9F5 /* arrow-up-black.png in Resources */,
				541F377A282BF3F00007D9F5 /* arrow-right-black.png in Resources */,
				541F3756282BF36A0007D9F5 /* Main.storyboard in Resources */,
			);
			runOnlyForDeploymentPostprocessing = 0;
		};
/* End PBXResourcesBuildPhase section */

/* Begin PBXSourcesBuildPhase section */
		541F3747282BF36A0007D9F5 /* Sources */ = {
			isa = PBXSourcesBuildPhase;
			buildActionMask = 2147483647;
			files = (
				541F3753282BF36A0007D9F5 /* ViewController.swift in Sources */,
				541F374F282BF36A0007D9F5 /* AppDelegate.swift in Sources */,
				541F3751282BF36A0007D9F5 /* SceneDelegate.swift in Sources */,
			);
			runOnlyForDeploymentPostprocessing = 0;
		};
/* End PBXSourcesBuildPhase section */

/* Begin PBXVariantGroup section */
		541F3754282BF36A0007D9F5 /* Main.storyboard */ = {
			isa = PBXVariantGroup;
			children = (
				541F3755282BF36A0007D9F5 /* Base */,
			);
			name = Main.storyboard;
			sourceTree = "<group>";
		};
		541F3759282BF36D0007D9F5 /* LaunchScreen.storyboard */ = {
			isa = PBXVariantGroup;
			children = (
				541F375A282BF36D0007D9F5 /* Base */,
			);
			name = LaunchScreen.storyboard;
			sourceTree = "<group>";
		};
/* End PBXVariantGroup section */

/* Begin XCBuildConfiguration section */
		541F375D282BF36D0007D9F5 /* Debug */ = {
			isa = XCBuildConfiguration;
			buildSettings = {
				ALWAYS_SEARCH_USER_PATHS = NO;
				CLANG_ANALYZER_NONNULL = YES;
				CLANG_ANALYZER_NUMBER_OBJECT_CONVERSION = YES_AGGRESSIVE;
				CLANG_CXX_LANGUAGE_STANDARD = "gnu++17";
				CLANG_ENABLE_MODULES = YES;
				CLANG_ENABLE_OBJC_ARC = YES;
				CLANG_ENABLE_OBJC_WEAK = YES;
				CLANG_WARN_BLOCK_CAPTURE_AUTORELEASING = YES;
				CLANG_WARN_BOOL_CONVERSION = YES;
				CLANG_WARN_COMMA = YES;
				CLANG_WARN_CONSTANT_CONVERSION = YES;
				CLANG_WARN_DEPRECATED_OBJC_IMPLEMENTATIONS = YES;
				CLANG_WARN_DIRECT_OBJC_ISA_USAGE = YES_ERROR;
				CLANG_WARN_DOCUMENTATION_COMMENTS = YES;
				CLANG_WARN_EMPTY_BODY = YES;
				CLANG_WARN_ENUM_CONVERSION = YES;
				CLANG_WARN_INFINITE_RECURSION = YES;
				CLANG_WARN_INT_CONVERSION = YES;
				CLANG_WARN_NON_LITERAL_NULL_CONVERSION = YES;
				CLANG_WARN_OBJC_IMPLICIT_RETAIN_SELF = YES;
				CLANG_WARN_OBJC_LITERAL_CONVERSION = YES;
				CLANG_WARN_OBJC_ROOT_CLASS = YES_ERROR;
				CLANG_WARN_QUOTED_INCLUDE_IN_FRAMEWORK_HEADER = YES;
				CLANG_WARN_RANGE_LOOP_ANALYSIS = YES;
				CLANG_WARN_STRICT_PROTOTYPES = YES;
				CLANG_WARN_SUSPICIOUS_MOVE = YES;
				CLANG_WARN_UNGUARDED_AVAILABILITY = YES_AGGRESSIVE;
				CLANG_WARN_UNREACHABLE_CODE = YES;
				CLANG_WARN__DUPLICATE_METHOD_MATCH = YES;
				COPY_PHASE_STRIP = NO;
				DEBUG_INFORMATION_FORMAT = dwarf;
				ENABLE_STRICT_OBJC_MSGSEND = YES;
				ENABLE_TESTABILITY = YES;
				GCC_C_LANGUAGE_STANDARD = gnu11;
				GCC_DYNAMIC_NO_PIC = NO;
				GCC_NO_COMMON_BLOCKS = YES;
				GCC_OPTIMIZATION_LEVEL = 0;
				GCC_PREPROCESSOR_DEFINITIONS = (
					"DEBUG=1",
					"$(inherited)",
				);
				GCC_WARN_64_TO_32_BIT_CONVERSION = YES;
				GCC_WARN_ABOUT_RETURN_TYPE = YES_ERROR;
				GCC_WARN_UNDECLARED_SELECTOR = YES;
				GCC_WARN_UNINITIALIZED_AUTOS = YES_AGGRESSIVE;
				GCC_WARN_UNUSED_FUNCTION = YES;
				GCC_WARN_UNUSED_VARIABLE = YES;
				IPHONEOS_DEPLOYMENT_TARGET = 15.4;
				MTL_ENABLE_DEBUG_INFO = INCLUDE_SOURCE;
				MTL_FAST_MATH = YES;
				ONLY_ACTIVE_ARCH = YES;
				SDKROOT = iphoneos;
				SWIFT_ACTIVE_COMPILATION_CONDITIONS = DEBUG;
				SWIFT_OPTIMIZATION_LEVEL = "-Onone";
			};
			name = Debug;
		};
		541F375E282BF36D0007D9F5 /* Release */ = {
			isa = XCBuildConfiguration;
			buildSettings = {
				ALWAYS_SEARCH_USER_PATHS = NO;
				CLANG_ANALYZER_NONNULL = YES;
				CLANG_ANALYZER_NUMBER_OBJECT_CONVERSION = YES_AGGRESSIVE;
				CLANG_CXX_LANGUAGE_STANDARD = "gnu++17";
				CLANG_ENABLE_MODULES = YES;
				CLANG_ENABLE_OBJC_ARC = YES;
				CLANG_ENABLE_OBJC_WEAK = YES;
				CLANG_WARN_BLOCK_CAPTURE_AUTORELEASING = YES;
				CLANG_WARN_BOOL_CONVERSION = YES;
				CLANG_WARN_COMMA = YES;
				CLANG_WARN_CONSTANT_CONVERSION = YES;
				CLANG_WARN_DEPRECATED_OBJC_IMPLEMENTATIONS = YES;
				CLANG_WARN_DIRECT_OBJC_ISA_USAGE = YES_ERROR;
				CLANG_WARN_DOCUMENTATION_COMMENTS = YES;
				CLANG_WARN_EMPTY_BODY = YES;
				CLANG_WARN_ENUM_CONVERSION = YES;
				CLANG_WARN_INFINITE_RECURSION = YES;
				CLANG_WARN_INT_CONVERSION = YES;
				CLANG_WARN_NON_LITERAL_NULL_CONVERSION = YES;
				CLANG_WARN_OBJC_IMPLICIT_RETAIN_SELF = YES;
				CLANG_WARN_OBJC_LITERAL_CONVERSION = YES;
				CLANG_WARN_OBJC_ROOT_CLASS = YES_ERROR;
				CLANG_WARN_QUOTED_INCLUDE_IN_FRAMEWORK_HEADER = YES;
				CLANG_WARN_RANGE_LOOP_ANALYSIS = YES;
				CLANG_WARN_STRICT_PROTOTYPES = YES;
				CLANG_WARN_SUSPICIOUS_MOVE = YES;
				CLANG_WARN_UNGUARDED_AVAILABILITY = YES_AGGRESSIVE;
				CLANG_WARN_UNREACHABLE_CODE = YES;
				CLANG_WARN__DUPLICATE_METHOD_MATCH = YES;
				COPY_PHASE_STRIP = NO;
				DEBUG_INFORMATION_FORMAT = "dwarf-with-dsym";
				ENABLE_NS_ASSERTIONS = NO;
				ENABLE_STRICT_OBJC_MSGSEND = YES;
				GCC_C_LANGUAGE_STANDARD = gnu11;
				GCC_NO_COMMON_BLOCKS = YES;
				GCC_WARN_64_TO_32_BIT_CONVERSION = YES;
				GCC_WARN_ABOUT_RETURN_TYPE = YES_ERROR;
				GCC_WARN_UNDECLARED_SELECTOR = YES;
				GCC_WARN_UNINITIALIZED_AUTOS = YES_AGGRESSIVE;
				GCC_WARN_UNUSED_FUNCTION = YES;
				GCC_WARN_UNUSED_VARIABLE = YES;
				IPHONEOS_DEPLOYMENT_TARGET = 15.4;
				MTL_ENABLE_DEBUG_INFO = NO;
				MTL_FAST_MATH = YES;
				SDKROOT = iphoneos;
				SWIFT_COMPILATION_MODE = wholemodule;
				SWIFT_OPTIMIZATION_LEVEL = "-O";
				VALIDATE_PRODUCT = YES;
			};
			name = Release;
		};
		541F3760282BF36D0007D9F5 /* Debug */ = {
			isa = XCBuildConfiguration;
			buildSettings = {
				ASSETCATALOG_COMPILER_APPICON_NAME = AppIcon;
				ASSETCATALOG_COMPILER_GLOBAL_ACCENT_COLOR_NAME = AccentColor;
				CODE_SIGN_STYLE = Automatic;
				CURRENT_PROJECT_VERSION = 1;
				GENERATE_INFOPLIST_FILE = YES;
				INFOPLIST_FILE = SwipeGesture/Info.plist;
				INFOPLIST_KEY_UIApplicationSupportsIndirectInputEvents = YES;
				INFOPLIST_KEY_UILaunchStoryboardName = LaunchScreen;
				INFOPLIST_KEY_UIMainStoryboardFile = Main;
				INFOPLIST_KEY_UISupportedInterfaceOrientations_iPad = "UIInterfaceOrientationPortrait UIInterfaceOrientationPortraitUpsideDown UIInterfaceOrientationLandscapeLeft UIInterfaceOrientationLandscapeRight";
				INFOPLIST_KEY_UISupportedInterfaceOrientations_iPhone = "UIInterfaceOrientationPortrait UIInterfaceOrientationLandscapeLeft UIInterfaceOrientationLandscapeRight";
				LD_RUNPATH_SEARCH_PATHS = (
					"$(inherited)",
					"@executable_path/Frameworks",
				);
				MARKETING_VERSION = 1.0;
				PRODUCT_BUNDLE_IDENTIFIER = michelle.SwipeGesture;
				PRODUCT_NAME = "$(TARGET_NAME)";
				SWIFT_EMIT_LOC_STRINGS = YES;
				SWIFT_VERSION = 5.0;
				TARGETED_DEVICE_FAMILY = "1,2";
			};
			name = Debug;
		};
		541F3761282BF36D0007D9F5 /* Release */ = {
			isa = XCBuildConfiguration;
			buildSettings = {
				ASSETCATALOG_COMPILER_APPICON_NAME = AppIcon;
				ASSETCATALOG_COMPILER_GLOBAL_ACCENT_COLOR_NAME = AccentColor;
				CODE_SIGN_STYLE = Automatic;
				CURRENT_PROJECT_VERSION = 1;
				GENERATE_INFOPLIST_FILE = YES;
				INFOPLIST_FILE = SwipeGesture/Info.plist;
				INFOPLIST_KEY_UIApplicationSupportsIndirectInputEvents = YES;
				INFOPLIST_KEY_UILaunchStoryboardName = LaunchScreen;
				INFOPLIST_KEY_UIMainStoryboardFile = Main;
				INFOPLIST_KEY_UISupportedInterfaceOrientations_iPad = "UIInterfaceOrientationPortrait UIInterfaceOrientationPortraitUpsideDown UIInterfaceOrientationLandscapeLeft UIInterfaceOrientationLandscapeRight";
				INFOPLIST_KEY_UISupportedInterfaceOrientations_iPhone = "UIInterfaceOrientationPortrait UIInterfaceOrientationLandscapeLeft UIInterfaceOrientationLandscapeRight";
				LD_RUNPATH_SEARCH_PATHS = (
					"$(inherited)",
					"@executable_path/Frameworks",
				);
				MARKETING_VERSION = 1.0;
				PRODUCT_BUNDLE_IDENTIFIER = michelle.SwipeGesture;
				PRODUCT_NAME = "$(TARGET_NAME)";
				SWIFT_EMIT_LOC_STRINGS = YES;
				SWIFT_VERSION = 5.0;
				TARGETED_DEVICE_FAMILY = "1,2";
			};
			name = Release;
		};
/* End XCBuildConfiguration section */

/* Begin XCConfigurationList section */
		541F3746282BF36A0007D9F5 /* Build configuration list for PBXProject "SwipeGesture" */ = {
			isa = XCConfigurationList;
			buildConfigurations = (
				541F375D282BF36D0007D9F5 /* Debug */,
				541F375E282BF36D0007D9F5 /* Release */,
			);
			defaultConfigurationIsVisible = 0;
			defaultConfigurationName = Release;
		};
		541F375F282BF36D0007D9F5 /* Build configuration list for PBXNativeTarget "SwipeGesture" */ = {
			isa = XCConfigurationList;
			buildConfigurations = (
				541F3760282BF36D0007D9F5 /* Debug */,
				541F3761282BF36D0007D9F5 /* Release */,
			);
			defaultConfigurationIsVisible = 0;
			defaultConfigurationName = Release;
		};
/* End XCConfigurationList section */
	};
	rootObject = 541F3743282BF36A0007D9F5 /* Project object */;
}
